PODS:
  - ZUCore (0.1.2)
  - ZUNavigator (0.0.3):
    - ZUCore (~> 0.1.2)

DEPENDENCIES:
  - ZUNavigator (from `../`)

SPEC REPOS:
  trunk:
    - ZUCore

EXTERNAL SOURCES:
  ZUNavigator:
    :path: "../"

SPEC CHECKSUMS:
  ZUCore: e78ad708754e1163a9a61e9caff3d74066dd3977
  ZUNavigator: bf4124f81fe7b6f09428b4ae45a7506eb0e2d088

PODFILE CHECKSUM: 4d75402562a1e752ae0b38c6f76d3a248ce680fb

COCOAPODS: 1.11.3
